<Solution>
  <Folder Name="/build/">
    <File Path="Directory.Build.props" />
    <File Path="Directory.Packages.props" />
    <File Path="NuGet.config" />
    <File Path="src/Crest.Build/Crest.Commons.props" />
    <File Path="src/Crest.Build/Crest.Commons.targets" />
    <File Path="src/Crest.Build/TargetFrameworks.props" />
  </Folder>
  <Folder Name="/scripts/Assets Manager/">
    <File Path=".scripts/assets-manager/.gitignore" />
    <File Path=".scripts/assets-manager/.parcelrc" />
    <File Path=".scripts/assets-manager/assetGroups.mjs" />
    <File Path=".scripts/assets-manager/build.mjs" />
    <File Path=".scripts/assets-manager/clean.mjs" />
    <File Path=".scripts/assets-manager/concat.mjs" />
    <File Path=".scripts/assets-manager/config.mjs" />
    <File Path=".scripts/assets-manager/copy.mjs" />
    <File Path=".scripts/assets-manager/min.mjs" />
    <File Path=".scripts/assets-manager/package.json" />
    <File Path=".scripts/assets-manager/parcel.mjs" />
    <File Path=".scripts/assets-manager/README.md" />
    <File Path=".scripts/assets-manager/sass.mjs" />
    <File Path=".scripts/assets-manager/vite.mjs" />
    <File Path=".scripts/assets-manager/webpack.mjs" />
  </Folder>
  <Folder Name="/scripts/Bloom/">
    <File Path=".scripts/bloom/package.json" />
    <File Path=".scripts/bloom/README.md" />
  </Folder>
  <Folder Name="/scripts/Bloom/assets/">
    <File Path=".scripts/bloom/assets/bloom.ai" />
    <File Path=".scripts/bloom/assets/bloom.svg" />
  </Folder>
  <Folder Name="/scripts/Bloom/components/">
    <File Path=".scripts/bloom/components/password-strength.ts" />
  </Folder>
  <Folder Name="/scripts/Bloom/helpers/">
    <File Path=".scripts/bloom/helpers/globals.ts" />
    <File Path=".scripts/bloom/helpers/localizations.ts" />
    <File Path=".scripts/bloom/helpers/removeDiacritics.ts" />
  </Folder>
  <Folder Name="/scripts/Bloom/media/">
    <File Path=".scripts/bloom/media/constants.ts" />
    <File Path=".scripts/bloom/media/file-extensions.ts" />
    <File Path=".scripts/bloom/media/interfaces.ts" />
    <File Path=".scripts/bloom/media/utils.ts" />
  </Folder>
  <Folder Name="/scripts/Bloom/media/api/">
    <File Path=".scripts/bloom/media/api/file-data-service.ts" />
  </Folder>
  <Folder Name="/scripts/Bloom/services/">
    <File Path=".scripts/bloom/services/api-service.ts" />
    <File Path=".scripts/bloom/services/OpenApiClient.ts" />
  </Folder>
  <Folder Name="/scripts/Bloom/services/auth/">
    <File Path=".scripts/bloom/services/auth/silent-oidc.ts" />
  </Folder>
  <Folder Name="/scripts/Bloom/services/notifications/">
    <File Path=".scripts/bloom/services/notifications/interfaces.ts" />
    <File Path=".scripts/bloom/services/notifications/notifier.ts" />
  </Folder>
  <Folder Name="/scripts/Bloom/services/signalr/">
    <File Path=".scripts/bloom/services/signalr/eventbus.ts" />
    <File Path=".scripts/bloom/services/signalr/signalr-app.ts" />
    <File Path=".scripts/bloom/services/signalr/useSignalRService.ts" />
  </Folder>
  <Folder Name="/Solution Items/">
    <File Path=".coderabbit.yaml" />
    <File Path=".editorconfig" />
    <File Path="Directory.Packages.props" />
    <File Path="package.json" />
    <File Path="README.md" />
    <File Path="renovate.json5" />
  </Folder>
  <Folder Name="/platform/libraries/">
    <Project Path="src/Crest.Abstractions/Crest.Abstractions.csproj" />
    <Project Path="src/Crest.Access.Abstractions/Crest.Access.Abstractions.csproj" />
    <Project Path="src/Crest.Admin.Abstractions/Crest.Admin.Abstractions.csproj" />
    <Project Path="src/Crest.AdminMenu.Abstractions/Crest.AdminMenu.Abstractions.csproj" />
    <Project Path="src/Crest.Apis.GraphQL.Abstractions/Crest.Apis.GraphQL.Abstractions.csproj" />
    <Project Path="src/Crest.Apis.GraphQL.Client/Crest.Apis.GraphQL.Client.csproj" />
    <Project Path="src/Crest.Application.Cms.Core.Targets/Crest.Application.Cms.Core.Targets.csproj" />
    <Project Path="src/Crest.Application.Cms.Targets/Crest.Application.Cms.Targets.csproj" />
    <Project Path="src/Crest.Application.Mvc.Targets/Crest.Application.Mvc.Targets.csproj" />
    <Project Path="src/Crest.Application.Targets/Crest.Application.Targets.csproj" />
    <Project Path="src/Crest.AuditTrail.Abstractions/Crest.AuditTrail.Abstractions.csproj" />
    <Project Path="src/Crest.Configuration.KeyVault/Crest.Configuration.KeyVault.csproj" />
    <Project Path="src/Crest.ContentLocalization.Abstractions/Crest.ContentLocalization.Abstractions.csproj" />
    <Project Path="src/Crest.ContentManagement.Abstractions/Crest.ContentManagement.Abstractions.csproj" />
    <Project Path="src/Crest.ContentManagement.Display/Crest.ContentManagement.Display.csproj" />
    <Project Path="src/Crest.ContentManagement.GraphQL/Crest.ContentManagement.GraphQL.csproj" />
    <Project Path="src/Crest.ContentManagement/Crest.ContentManagement.csproj" />
    <Project Path="src/Crest.ContentPreview.Abstractions/Crest.ContentPreview.Abstractions.csproj" />
    <Project Path="src/Crest.ContentTypes.Abstractions/Crest.ContentTypes.Abstractions.csproj" />
    <Project Path="src/Crest.Contents.TagHelpers/Crest.Contents.TagHelpers.csproj" />
    <Project Path="src/Crest.Data.Abstractions/Crest.Data.Abstractions.csproj" />
    <Project Path="src/Crest.Data.YesSql.Abstractions/Crest.Data.YesSql.Abstractions.csproj" />
    <Project Path="src/Crest.Data.YesSql/Crest.Data.YesSql.csproj" />
    <Project Path="src/Crest.Data/Crest.Data.csproj" />
    <Project Path="src/Crest.Deployment.Abstractions/Crest.Deployment.Abstractions.csproj" />
    <Project Path="src/Crest.DisplayManagement.Abstractions/Crest.DisplayManagement.Abstractions.csproj" />
    <Project Path="src/Crest.DisplayManagement.Liquid/Crest.DisplayManagement.Liquid.csproj" />
    <Project Path="src/Crest.DisplayManagement/Crest.DisplayManagement.csproj" />
    <Project Path="src/Crest.DynamicCache.Abstractions/Crest.DynamicCache.Abstractions.csproj" />
    <Project Path="src/Crest.Email.Abstractions/Crest.Email.Abstractions.csproj" />
    <Project Path="src/Crest.Feeds.Abstractions/Crest.Feeds.Abstractions.csproj" />
    <Project Path="src/Crest.FileStorage.Abstractions/Crest.FileStorage.Abstractions.csproj" />
    <Project Path="src/Crest.FileStorage.AmazonS3/Crest.FileStorage.AmazonS3.csproj" />
    <Project Path="src/Crest.FileStorage.AzureBlob/Crest.FileStorage.AzureBlob.csproj" />
    <Project Path="src/Crest.FileStorage.FileSystem/Crest.FileStorage.FileSystem.csproj" />
    <Project Path="src/Crest.HealthChecks.Abstractions/Crest.HealthChecks.Abstractions.csproj" />
    <Project Path="src/Crest.Indexing.Abstractions/Crest.Indexing.Abstractions.csproj" />
    <Project Path="src/Crest.Infrastructure.Abstractions/Crest.Infrastructure.Abstractions.csproj" />
    <Project Path="src/Crest.Infrastructure/Crest.Infrastructure.csproj" />
    <Project Path="src/Crest.Liquid.Abstractions/Crest.Liquid.Abstractions.csproj" />
    <Project Path="src/Crest.Localization.Abstractions/Crest.Localization.Abstractions.csproj" />
    <Project Path="src/Crest.Logging.NLog/Crest.Logging.NLog.csproj" />
    <Project Path="src/Crest.Logging.Serilog/Crest.Logging.Serilog.csproj" />
    <Project Path="src/Crest.Markdown.Abstractions/Crest.Markdown.Abstractions.csproj" />
    <Project Path="src/Crest.Media.Abstractions/Crest.Media.Abstractions.csproj" />
    <Project Path="src/Crest.MetaWeblog.Abstractions/Crest.MetaWeblog.Abstractions.csproj" />
    <Project Path="src/Crest.Module.Targets/Crest.Module.Targets.csproj" />
    <Project Path="src/Crest.Mvc/Crest.Mvc.csproj" />
    <Project Path="src/Crest.Notifications.Abstractions/Crest.Notifications.Abstractions.csproj" />
    <Project Path="src/Crest.Queries.Abstractions/Crest.Queries.Abstractions.csproj" />
    <Project Path="src/Crest.Recipes.Abstractions/Crest.Recipes.Abstractions.csproj" />
    <Project Path="src/Crest.Redis.Abstractions/Crest.Redis.Abstractions.csproj" />
    <Project Path="src/Crest.ResourceManagement.Abstractions/Crest.ResourceManagement.Abstractions.csproj" />
    <Project Path="src/Crest.ResourceManagement/Crest.ResourceManagement.csproj" />
    <Project Path="src/Crest.Roles.Abstractions/Crest.Roles.Abstractions.csproj" />
    <Project Path="src/Crest.Rules.Abstractions/Crest.Rules.Abstractions.csproj" />
    <Project Path="src/Crest.Scripting.JavaScript/Crest.Scripting.JavaScript.csproj" />
    <Project Path="src/Crest.Search.Abstractions/Crest.Search.Abstractions.csproj" />
    <Project Path="src/Crest.Search.Lucene.Abstractions/Crest.Search.Lucene.Abstractions.csproj" />
    <Project Path="src/Crest.Seo.Abstractions/Crest.Seo.Abstractions.csproj" />
    <Project Path="src/Crest.Setup.Abstractions/Crest.Setup.Abstractions.csproj" />
    <Project Path="src/Crest.Shells.Azure/Crest.Shells.Azure.csproj" />
    <Project Path="src/Crest.Shortcodes.Abstractions/Crest.Shortcodes.Abstractions.csproj" />
    <Project Path="src/Crest.Sitemaps.Abstractions/Crest.Sitemaps.Abstractions.csproj" />
    <Project Path="src/Crest.Sms.Abstractions/Crest.Sms.Abstractions.csproj" />
    <Project Path="src/Crest.SourceGenerators/Crest.SourceGenerators.csproj" />
    <Project Path="src/Crest.Theme.Targets/Crest.Theme.Targets.csproj" />
    <Project Path="src/Crest.UrlRewriting.Abstractions/Crest.UrlRewriting.Abstractions.csproj" />
    <Project Path="src/Crest.Users.Abstractions/Crest.Users.Abstractions.csproj" />
    <Project Path="src/Crest.Workflows/Abstractions/Crest.Workflows.Abstractions.csproj" />
    <Project Path="src/Crest.XmlRpc.Abstractions/Crest.XmlRpc.Abstractions.csproj" />
  </Folder>
  <Folder Name="/platform/modules/">
    <Project Path="src/Crest.Access/Crest.Access.csproj" />
    <Project Path="src/Crest.Admin/Crest.Admin.csproj" />
    <Project Path="src/Crest.AdminDashboard/Crest.AdminDashboard.csproj" />
    <Project Path="src/Crest.AdminMenu/Crest.AdminMenu.csproj" />
    <Project Path="src/Crest.Alias/Crest.Alias.csproj" />
    <Project Path="src/Crest.Antivirus/Crest.Antivirus.csproj" />
    <Project Path="src/Crest.Apis.GraphQL/Crest.Apis.GraphQL.csproj" />
    <Project Path="src/Crest.ArchiveLater/Crest.ArchiveLater.csproj" />
    <Project Path="src/Crest.AuditTrail/Crest.AuditTrail.csproj" />
    <Project Path="src/Crest.AutoSetup/Crest.AutoSetup.csproj" />
    <Project Path="src/Crest.Autoroute.Abstractions/Crest.Autoroute.Abstractions.csproj" />
    <Project Path="src/Crest.Autoroute/Crest.Autoroute.csproj" />
    <Project Path="src/Crest.AzureAI.Abstractions/Crest.AzureAI.Abstractions.csproj" />
    <Project Path="src/Crest.AzureAI/Crest.AzureAI.csproj" />
    <Project Path="src/Crest.BackgroundTasks/Crest.BackgroundTasks.csproj" />
    <Project Path="src/Crest.ContentFields.Abstractions/Crest.ContentFields.Abstractions.csproj" />
    <Project Path="src/Crest.ContentFields/Crest.ContentFields.csproj" />
    <Project Path="src/Crest.ContentLocalization/Crest.ContentLocalization.csproj" />
    <Project Path="src/Crest.ContentPreview/Crest.ContentPreview.csproj" />
    <Project Path="src/Crest.ContentTypes/Crest.ContentTypes.csproj" />
    <Project Path="src/Crest.Contents.Abstractions/Crest.Contents.Abstractions.csproj" />
    <Project Path="src/Crest.Contents/Crest.Contents.csproj" />
    <Project Path="src/Crest.Cors/Crest.Cors.csproj" />
    <Project Path="src/Crest.CustomSettings/Crest.CustomSettings.csproj" />
    <Project Path="src/Crest.DataLocalization/Crest.DataLocalization.csproj" />
    <Project Path="src/Crest.DataProtection.Azure/Crest.DataProtection.Azure.csproj" />
    <Project Path="src/Crest.Demo/Crest.Demo.csproj" />
    <Project Path="src/Crest.Deployment.Remote/Crest.Deployment.Remote.csproj" />
    <Project Path="src/Crest.Deployment/Crest.Deployment.csproj" />
    <Project Path="src/Crest.Diagnostics/Crest.Diagnostics.csproj" />
    <Project Path="src/Crest.DynamicCache/Crest.DynamicCache.csproj" />
    <Project Path="src/Crest.Elasticsearch.Abstractions/Crest.Elasticsearch.Abstractions.csproj" />
    <Project Path="src/Crest.Elasticsearch/Crest.Elasticsearch.csproj" />
    <Project Path="src/Crest.Email.Azure/Crest.Email.Azure.csproj" />
    <Project Path="src/Crest.Email.Smtp/Crest.Email.Smtp.csproj" />
    <Project Path="src/Crest.Email/Crest.Email.csproj" />
    <Project Path="src/Crest.Facebook/Crest.Facebook.csproj" />
    <Project Path="src/Crest.Features.Abstractions/Crest.Features.Abstractions.csproj" />
    <Project Path="src/Crest.Features/Crest.Features.csproj" />
    <Project Path="src/Crest.Feeds/Crest.Feeds.csproj" />
    <Project Path="src/Crest.Flows.Abstractions/Crest.Flows.Abstractions.csproj" />
    <Project Path="src/Crest.Flows/Crest.Flows.csproj" />
    <Project Path="src/Crest.Forms/Crest.Forms.csproj" />
    <Project Path="src/Crest.GitHub/Crest.GitHub.csproj" />
    <Project Path="src/Crest.Google/Crest.Google.csproj" />
    <Project Path="src/Crest.HealthChecks/Crest.HealthChecks.csproj" />
    <Project Path="src/Crest.HomeRoute/Crest.HomeRoute.csproj" />
    <Project Path="src/Crest.Html.Abstractions/Crest.Html.Abstractions.csproj" />
    <Project Path="src/Crest.Html/Crest.Html.csproj" />
    <Project Path="src/Crest.Https/Crest.Https.csproj" />
    <Project Path="src/Crest.Indexing/Crest.Indexing.csproj" />
    <Project Path="src/Crest.Layers/Crest.Layers.csproj" />
    <Project Path="src/Crest.Liquid/Crest.Liquid.csproj" />
    <Project Path="src/Crest.Lists/Crest.Lists.csproj" />
    <Project Path="src/Crest.Localization/Crest.Localization.csproj" />
    <Project Path="src/Crest.Lucene.Abstractions/Crest.Lucene.Abstractions.csproj" />
    <Project Path="src/Crest.Lucene/Crest.Lucene.csproj" />
    <Project Path="src/Crest.Markdown/Crest.Markdown.csproj" />
    <Project Path="src/Crest.Media.AmazonS3/Crest.Media.AmazonS3.csproj" />
    <Project Path="src/Crest.Media.Azure/Crest.Media.Azure.csproj" />
    <Project Path="src/Crest.Media.ImageSharpV3/Crest.Media.ImageSharpV3.csproj" />
    <Project Path="src/Crest.Media.Indexing.OpenXML/Crest.Media.Indexing.OpenXML.csproj" />
    <Project Path="src/Crest.Media.Indexing.Pdf/Crest.Media.Indexing.Pdf.csproj" />
    <Project Path="src/Crest.Media/Crest.Media.csproj" />
    <Project Path="src/Crest.Menu/Crest.Menu.csproj" />
    <Project Path="src/Crest.Microsoft.Authentication/Crest.Microsoft.Authentication.csproj" />
    <Project Path="src/Crest.MiniProfiler/Crest.MiniProfiler.csproj" />
    <Project Path="src/Crest.Mvc.HelloWorld/Crest.Mvc.HelloWorld.csproj" />
    <Project Path="src/Crest.Navigation.Abstractions/Crest.Navigation.Abstractions.csproj" />
    <Project Path="src/Crest.Navigation/Crest.Navigation.csproj" />
    <Project Path="src/Crest.Notifications/Crest.Notifications.csproj" />
    <Project Path="src/Crest.OpenApi.Abstractions/Crest.OpenApi.Abstractions.csproj" />
    <Project Path="src/Crest.OpenApi/Crest.OpenApi.csproj" />
    <Project Path="src/Crest.OpenId.Abstractions/Crest.OpenId.Abstractions.csproj" />
    <Project Path="src/Crest.OpenId/Crest.OpenId.csproj" />
    <Project Path="src/Crest.Placements/Crest.Placements.csproj" />
    <Project Path="src/Crest.PublishLater/Crest.PublishLater.csproj" />
    <Project Path="src/Crest.Queries/Crest.Queries.csproj" />
    <Project Path="src/Crest.RateLimits.Abstractions/Crest.RateLimits.Abstractions.csproj" />
    <Project Path="src/Crest.RateLimits/Crest.RateLimits.csproj" />
    <Project Path="src/Crest.ReCaptcha.Abstractions/Crest.ReCaptcha.Abstractions.csproj" />
    <Project Path="src/Crest.ReCaptcha/Crest.ReCaptcha.csproj" />
    <Project Path="src/Crest.Recipes/Crest.Recipes.csproj" />
    <Project Path="src/Crest.Redis/Crest.Redis.csproj" />
    <Project Path="src/Crest.Resources/Crest.Resources.csproj" />
    <Project Path="src/Crest.ResponseCompression/Crest.ResponseCompression.csproj" />
    <Project Path="src/Crest.ReverseProxy/Crest.ReverseProxy.csproj" />
    <Project Path="src/Crest.Roles/Crest.Roles.csproj" />
    <Project Path="src/Crest.Rules/Crest.Rules.csproj" />
    <Project Path="src/Crest.Scripting/Crest.Scripting.csproj" />
    <Project Path="src/Crest.Search/Crest.Search.csproj" />
    <Project Path="src/Crest.Security/Crest.Security.csproj" />
    <Project Path="src/Crest.Seo/Crest.Seo.csproj" />
    <Project Path="src/Crest.Settings.Abstractions/Crest.Settings.Abstractions.csproj" />
    <Project Path="src/Crest.Settings/Crest.Settings.csproj" />
    <Project Path="src/Crest.Setup/Crest.Setup.csproj" />
    <Project Path="src/Crest.Shortcodes/Crest.Shortcodes.csproj" />
    <Project Path="src/Crest.SignalR.Azure/Crest.SignalR.Azure.csproj" />
    <Project Path="src/Crest.SignalR.Redis/Crest.SignalR.Redis.csproj" />
    <Project Path="src/Crest.SignalR/Crest.SignalR.csproj" />
    <Project Path="src/Crest.Sitemaps/Crest.Sitemaps.csproj" />
    <Project Path="src/Crest.Sms.Azure/Crest.Sms.Azure.csproj" />
    <Project Path="src/Crest.Sms/Crest.Sms.csproj" />
    <Project Path="src/Crest.Spatial/Crest.Spatial.csproj" />
    <Project Path="src/Crest.Taxonomies.Abstractions/Crest.Taxonomies.Abstractions.csproj" />
    <Project Path="src/Crest.Taxonomies/Crest.Taxonomies.csproj" />
    <Project Path="src/Crest.Templates/Crest.Templates.csproj" />
    <Project Path="src/Crest.Tenants/Crest.Tenants.csproj" />
    <Project Path="src/Crest.Themes/Crest.Themes.csproj" />
    <Project Path="src/Crest.Title/Crest.Title.csproj" />
    <Project Path="src/Crest.Twitter/Crest.Twitter.csproj" />
    <Project Path="src/Crest.UrlRewriting/Crest.UrlRewriting.csproj" />
    <Project Path="src/Crest.Users/Crest.Users.csproj" />
    <Project Path="src/Crest.Widgets/Crest.Widgets.csproj" />
    <Project Path="src/Crest.XmlRpc/Crest.XmlRpc.csproj" />
  </Folder>
  <Folder Name="/platform/themes/">
    <Project Path="src/SafeMode/SafeMode.csproj" />
    <Project Path="src/TheAdmin/TheAdmin.csproj" />
  </Folder>
  <Folder Name="/platform/hosts/">
    <Project Path="src/Crest.AspireHost/Crest.AspireHost.csproj" />
    <Project Path="src/Crest.Cms.Web/Crest.Cms.Web.csproj" />
    <Project Path="src/Crest.Mvc.Web/Crest.Mvc.Web.csproj" />
  </Folder>
  <Folder Name="/test/">
    <Project Path="test/Crest.Abstractions.Tests/Crest.Abstractions.Tests.csproj" />
    <Project Path="test/Crest.Benchmarks/Crest.Benchmarks.csproj" />
    <Project Path="test/Crest.Tests.Features/Examples.Features.AssyAttrib/Examples.Features.AssyAttrib.csproj" />
    <Project Path="test/Crest.Tests.Functional/Crest.Tests.Functional.csproj" />
    <Project Path="test/Crest.Tests.Integration/Crest.Tests.Integration.csproj" />
    <Project Path="test/Crest.Tests.Modules/BaseThemeSample/BaseThemeSample.csproj" />
    <Project Path="test/Crest.Tests.Modules/BaseThemeSample2/BaseThemeSample2.csproj" />
    <Project Path="test/Crest.Tests.Modules/DerivedThemeSample/DerivedThemeSample.csproj" />
    <Project Path="test/Crest.Tests.Modules/DerivedThemeSample2/DerivedThemeSample2.csproj" />
    <Project Path="test/Crest.Tests.Modules/Errors.PlatformModules.TwoPlus/Errors.PlatformModules.TwoPlus.csproj">
      <Build Project="false" />
    </Project>
    <Project Path="test/Crest.Tests.Modules/Examples.Modules.AssyAttrib.Alpha/Examples.Modules.AssyAttrib.Alpha.csproj" />
    <Project Path="test/Crest.Tests.Modules/Examples.Modules.AssyAttrib.Bravo/Examples.Modules.AssyAttrib.Bravo.csproj" />
    <Project Path="test/Crest.Tests.Modules/Examples.Modules.AssyAttrib.Charlie/Examples.Modules.AssyAttrib.Charlie.csproj" />
    <Project Path="test/Crest.Tests.Modules/Examples.PlatformModules.Alpha/Examples.PlatformModules.Alpha.csproj" />
    <Project Path="test/Crest.Tests.Modules/ModuleSample/ModuleSample.csproj" />
    <Project Path="test/Crest.Tests.Pages/Crest.Application.Pages/Crest.Application.Pages.csproj" />
    <Project Path="test/Crest.Tests.Pages/Crest.Modules.Pages/Module.Pages/Module.Pages.csproj" />
    <Project Path="test/Crest.Tests.Pages/Crest.Themes.Pages/Theme.Pages/Theme.Pages.csproj" />
    <Project Path="test/Crest.Tests.Themes/Errors.PlatformThemes.ThemeAndModule/Errors.PlatformThemes.ThemeAndModule.csproj">
      <Build Project="false" />
    </Project>
    <Project Path="test/Crest.Tests.Themes/Errors.PlatformThemes.TwoPlus/Errors.PlatformThemes.TwoPlus.csproj">
      <Build Project="false" />
    </Project>
    <Project Path="test/Crest.Tests.Themes/Examples.PlatformThemes.Alpha/Examples.PlatformThemes.Alpha.csproj" />
    <Project Path="test/Crest.Tests.Themes/Examples.Themes.AssyAttrib.Alpha/Examples.Themes.AssyAttrib.Alpha.csproj" />
    <Project Path="test/Crest.Tests.Themes/Examples.Themes.AssyAttrib.Bravo/Examples.Themes.AssyAttrib.Bravo.csproj" />
    <Project Path="test/Crest.Tests.Themes/Examples.Themes.AssyAttrib.Charlie/Examples.Themes.AssyAttrib.Charlie.csproj" />
    <Project Path="test/Crest.Tests/Crest.Tests.csproj" />
  </Folder>
</Solution>
