<Solution>
  <Folder Name="/build/">
    <File Path="Directory.Build.props" />
    <File Path="Directory.Packages.props" />
    <File Path="NuGet.config" />
    <File Path="Crest.Build/Crest.Commons.props" />
    <File Path="Crest.Build/Crest.Commons.targets" />
    <File Path="Crest.Build/TargetFrameworks.props" />
  </Folder>
  <Folder Name="/scripts/Assets Manager/">
    <File Path=".scripts/assets-manager/.gitignore" />
    <File Path=".scripts/assets-manager/.parcelrc" />
    <File Path=".scripts/assets-manager/assetGroups.mjs" />
    <File Path=".scripts/assets-manager/build.mjs" />
    <File Path=".scripts/assets-manager/clean.mjs" />
    <File Path=".scripts/assets-manager/concat.mjs" />
    <File Path=".scripts/assets-manager/config.mjs" />
    <File Path=".scripts/assets-manager/copy.mjs" />
    <File Path=".scripts/assets-manager/min.mjs" />
    <File Path=".scripts/assets-manager/package.json" />
    <File Path=".scripts/assets-manager/parcel.mjs" />
    <File Path=".scripts/assets-manager/README.md" />
    <File Path=".scripts/assets-manager/sass.mjs" />
    <File Path=".scripts/assets-manager/vite.mjs" />
    <File Path=".scripts/assets-manager/webpack.mjs" />
  </Folder>
  <Folder Name="/scripts/Bloom/">
    <File Path=".scripts/bloom/package.json" />
    <File Path=".scripts/bloom/README.md" />
  </Folder>
  <Folder Name="/scripts/Bloom/assets/">
    <File Path=".scripts/bloom/assets/bloom.ai" />
    <File Path=".scripts/bloom/assets/bloom.svg" />
  </Folder>
  <Folder Name="/scripts/Bloom/components/">
    <File Path=".scripts/bloom/components/password-strength.ts" />
  </Folder>
  <Folder Name="/scripts/Bloom/helpers/">
    <File Path=".scripts/bloom/helpers/globals.ts" />
    <File Path=".scripts/bloom/helpers/localizations.ts" />
    <File Path=".scripts/bloom/helpers/removeDiacritics.ts" />
  </Folder>
  <Folder Name="/scripts/Bloom/media/">
    <File Path=".scripts/bloom/media/constants.ts" />
    <File Path=".scripts/bloom/media/file-extensions.ts" />
    <File Path=".scripts/bloom/media/interfaces.ts" />
    <File Path=".scripts/bloom/media/utils.ts" />
  </Folder>
  <Folder Name="/scripts/Bloom/media/api/">
    <File Path=".scripts/bloom/media/api/file-data-service.ts" />
  </Folder>
  <Folder Name="/scripts/Bloom/services/">
    <File Path=".scripts/bloom/services/api-service.ts" />
    <File Path=".scripts/bloom/services/OpenApiClient.ts" />
  </Folder>
  <Folder Name="/scripts/Bloom/services/auth/">
    <File Path=".scripts/bloom/services/auth/silent-oidc.ts" />
  </Folder>
  <Folder Name="/scripts/Bloom/services/notifications/">
    <File Path=".scripts/bloom/services/notifications/interfaces.ts" />
    <File Path=".scripts/bloom/services/notifications/notifier.ts" />
  </Folder>
  <Folder Name="/scripts/Bloom/services/signalr/">
    <File Path=".scripts/bloom/services/signalr/eventbus.ts" />
    <File Path=".scripts/bloom/services/signalr/signalr-app.ts" />
    <File Path=".scripts/bloom/services/signalr/useSignalRService.ts" />
  </Folder>
  <Folder Name="/Solution Items/">
    <File Path=".coderabbit.yaml" />
    <File Path=".editorconfig" />
    <File Path="Directory.Packages.props" />
    <File Path="package.json" />
    <File Path="README.md" />
    <File Path="renovate.json5" />
  </Folder>
  <Folder Name="/platform/libraries/">
    <Project Path="Crest.Abstractions/Crest.Abstractions.csproj" />
    <Project Path="Crest.Admin.Abstractions/Crest.Admin.Abstractions.csproj" />
    <Project Path="Crest.AdminMenu.Abstractions/Crest.AdminMenu.Abstractions.csproj" />
    <Project Path="Crest.Apis.GraphQL.Abstractions/Crest.Apis.GraphQL.Abstractions.csproj" />
    <Project Path="Crest.Apis.GraphQL.Client/Crest.Apis.GraphQL.Client.csproj" />
    <Project Path="Crest.Application.Cms.Core.Targets/Crest.Application.Cms.Core.Targets.csproj" />
    <Project Path="Crest.Application.Cms.Targets/Crest.Application.Cms.Targets.csproj" />
    <Project Path="Crest.Application.Mvc.Targets/Crest.Application.Mvc.Targets.csproj" />
    <Project Path="Crest.Application.Targets/Crest.Application.Targets.csproj" />
    <Project Path="Crest.AuditTrail.Abstractions/Crest.AuditTrail.Abstractions.csproj" />
    <Project Path="Crest.Autoroute.Core/Crest.Autoroute.Core.csproj" />
    <Project Path="Crest.AzureAI.Core/Crest.AzureAI.Core.csproj" />
    <Project Path="Crest.Configuration.KeyVault/Crest.Configuration.KeyVault.csproj" />
    <Project Path="Crest.ContentFields.Core/Crest.ContentFields.Core.csproj" />
    <Project Path="Crest.ContentLocalization.Abstractions/Crest.ContentLocalization.Abstractions.csproj" />
    <Project Path="Crest.ContentManagement.Abstractions/Crest.ContentManagement.Abstractions.csproj" />
    <Project Path="Crest.ContentManagement.Display/Crest.ContentManagement.Display.csproj" />
    <Project Path="Crest.ContentManagement.GraphQL/Crest.ContentManagement.GraphQL.csproj" />
    <Project Path="Crest.ContentManagement/Crest.ContentManagement.csproj" />
    <Project Path="Crest.ContentPreview.Abstractions/Crest.ContentPreview.Abstractions.csproj" />
    <Project Path="Crest.ContentTypes.Abstractions/Crest.ContentTypes.Abstractions.csproj" />
    <Project Path="Crest.Contents.Core/Crest.Contents.Core.csproj" />
    <Project Path="Crest.Contents.TagHelpers/Crest.Contents.TagHelpers.csproj" />
    <Project Path="Crest.Core/Crest.Core.csproj" />
    <Project Path="Crest.Data.Abstractions/Crest.Data.Abstractions.csproj" />
    <Project Path="Crest.Data.YesSql.Abstractions/Crest.Data.YesSql.Abstractions.csproj" />
    <Project Path="Crest.Data.YesSql/Crest.Data.YesSql.csproj" />
    <Project Path="Crest.Data/Crest.Data.csproj" />
    <Project Path="Crest.Deployment.Abstractions/Crest.Deployment.Abstractions.csproj" />
    <Project Path="Crest.Deployment.Core/Crest.Deployment.Core.csproj" />
    <Project Path="Crest.DisplayManagement.Abstractions/Crest.DisplayManagement.Abstractions.csproj" />
    <Project Path="Crest.DisplayManagement.Liquid/Crest.DisplayManagement.Liquid.csproj" />
    <Project Path="Crest.DisplayManagement/Crest.DisplayManagement.csproj" />
    <Project Path="Crest.DynamicCache.Abstractions/Crest.DynamicCache.Abstractions.csproj" />
    <Project Path="Crest.Elasticsearch.Core/Crest.Elasticsearch.Core.csproj" />
    <Project Path="Crest.Email.Abstractions/Crest.Email.Abstractions.csproj" />
    <Project Path="Crest.Email.Core/Crest.Email.Core.csproj" />
    <Project Path="Crest.Features.Core/Crest.Features.Core.csproj" />
    <Project Path="Crest.Feeds.Abstractions/Crest.Feeds.Abstractions.csproj" />
    <Project Path="Crest.Feeds.Core/Crest.Feeds.Core.csproj" />
    <Project Path="Crest.FileStorage.Abstractions/Crest.FileStorage.Abstractions.csproj" />
    <Project Path="Crest.FileStorage.AmazonS3/Crest.FileStorage.AmazonS3.csproj" />
    <Project Path="Crest.FileStorage.AzureBlob/Crest.FileStorage.AzureBlob.csproj" />
    <Project Path="Crest.FileStorage.FileSystem/Crest.FileStorage.FileSystem.csproj" />
    <Project Path="Crest.Flows.Core/Crest.Flows.Core.csproj" />
    <Project Path="Crest.HealthChecks.Abstractions/Crest.HealthChecks.Abstractions.csproj" />
    <Project Path="Crest.Html.Core/Crest.Html.Core.csproj" />
    <Project Path="Crest.Indexing.Abstractions/Crest.Indexing.Abstractions.csproj" />
    <Project Path="Crest.Indexing.Core/Crest.Indexing.Core.csproj" />
    <Project Path="Crest.Infrastructure.Abstractions/Crest.Infrastructure.Abstractions.csproj" />
    <Project Path="Crest.Infrastructure/Crest.Infrastructure.csproj" />
    <Project Path="Crest.Liquid.Abstractions/Crest.Liquid.Abstractions.csproj" />
    <Project Path="Crest.Localization.Abstractions/Crest.Localization.Abstractions.csproj" />
    <Project Path="Crest.Localization.Core/Crest.Localization.Core.csproj" />
    <Project Path="Crest.Logging.NLog/Crest.Logging.NLog.csproj" />
    <Project Path="Crest.Logging.Serilog/Crest.Logging.Serilog.csproj" />
    <Project Path="Crest.Lucene.Core/Crest.Lucene.Core.csproj" />
    <Project Path="Crest.Markdown.Abstractions/Crest.Markdown.Abstractions.csproj" />
    <Project Path="Crest.Media.Abstractions/Crest.Media.Abstractions.csproj" />
    <Project Path="Crest.Media.Core/Crest.Media.Core.csproj" />
    <Project Path="Crest.MetaWeblog.Abstractions/Crest.MetaWeblog.Abstractions.csproj" />
    <Project Path="Crest.Module.Targets/Crest.Module.Targets.csproj" />
    <Project Path="Crest.Mvc.Core/Crest.Mvc.Core.csproj" />
    <Project Path="Crest.Navigation.Core/Crest.Navigation.Core.csproj" />
    <Project Path="Crest.Notifications.Abstractions/Crest.Notifications.Abstractions.csproj" />
    <Project Path="Crest.Notifications.Core/Crest.Notifications.Core.csproj" />
    <Project Path="Crest.OpenApi.Core/Crest.OpenApi.Core.csproj" />
    <Project Path="Crest.OpenId.Core/Crest.OpenId.Core.csproj" />
    <Project Path="Crest.Queries.Abstractions/Crest.Queries.Abstractions.csproj" />
    <Project Path="Crest.Queries.Core/Crest.Queries.Core.csproj" />
    <Project Path="Crest.RateLimits.Core/Crest.RateLimits.Core.csproj" />
    <Project Path="Crest.ReCaptcha.Core/Crest.ReCaptcha.Core.csproj" />
    <Project Path="Crest.Recipes.Abstractions/Crest.Recipes.Abstractions.csproj" />
    <Project Path="Crest.Recipes.Core/Crest.Recipes.Core.csproj" />
    <Project Path="Crest.Redis.Abstractions/Crest.Redis.Abstractions.csproj" />
    <Project Path="Crest.ResourceManagement.Abstractions/Crest.ResourceManagement.Abstractions.csproj" />
    <Project Path="Crest.ResourceManagement.Core/Crest.ResourceManagement.Core.csproj" />
    <Project Path="Crest.ResourceManagement/Crest.ResourceManagement.csproj" />
    <Project Path="Crest.Roles.Abstractions/Crest.Roles.Abstractions.csproj" />
    <Project Path="Crest.Roles.Core/Crest.Roles.Core.csproj" />
    <Project Path="Crest.Rules.Abstractions/Crest.Rules.Abstractions.csproj" />
    <Project Path="Crest.Rules.Core/Crest.Rules.Core.csproj" />
    <Project Path="Crest.Scripting.JavaScript/Crest.Scripting.JavaScript.csproj" />
    <Project Path="Crest.Search.Abstractions/Crest.Search.Abstractions.csproj" />
    <Project Path="Crest.Search.Lucene.Abstractions/Crest.Search.Lucene.Abstractions.csproj" />
    <Project Path="Crest.Seo.Abstractions/Crest.Seo.Abstractions.csproj" />
    <Project Path="Crest.Settings.Core/Crest.Settings.Core.csproj" />
    <Project Path="Crest.Setup.Abstractions/Crest.Setup.Abstractions.csproj" />
    <Project Path="Crest.Setup.Core/Crest.Setup.Core.csproj" />
    <Project Path="Crest.Shells.Azure/Crest.Shells.Azure.csproj" />
    <Project Path="Crest.Shortcodes.Abstractions/Crest.Shortcodes.Abstractions.csproj" />
    <Project Path="Crest.Sitemaps.Abstractions/Crest.Sitemaps.Abstractions.csproj" />
    <Project Path="Crest.Sms.Abstractions/Crest.Sms.Abstractions.csproj" />
    <Project Path="Crest.Sms.Core/Crest.Sms.Core.csproj" />
    <Project Path="Crest.SourceGenerators/Crest.SourceGenerators.csproj" />
    <Project Path="Crest.Taxonomies.Core/Crest.Taxonomies.Core.csproj" />
    <Project Path="Crest.Theme.Targets/Crest.Theme.Targets.csproj" />
    <Project Path="Crest.UrlRewriting.Abstractions/Crest.UrlRewriting.Abstractions.csproj" />
    <Project Path="Crest.UrlRewriting.Core/Crest.UrlRewriting.Core.csproj" />
    <Project Path="Crest.Users.Abstractions/Crest.Users.Abstractions.csproj" />
    <Project Path="Crest.Users.Core/Crest.Users.Core.csproj" />
    <Project Path="Crest.Workflows.Platform.Abstractions/Crest.Workflows.Platform.Abstractions.csproj" />
    <Project Path="Crest.XmlRpc.Abstractions/Crest.XmlRpc.Abstractions.csproj" />
  </Folder>
  <Folder Name="/platform/modules/">
    <Project Path="Crest.Admin/Crest.Admin.csproj" />
    <Project Path="Crest.AdminDashboard/Crest.AdminDashboard.csproj" />
    <Project Path="Crest.AdminMenu/Crest.AdminMenu.csproj" />
    <Project Path="Crest.Alias/Crest.Alias.csproj" />
    <Project Path="Crest.Antivirus/Crest.Antivirus.csproj" />
    <Project Path="Crest.Apis.GraphQL/Crest.Apis.GraphQL.csproj" />
    <Project Path="Crest.ArchiveLater/Crest.ArchiveLater.csproj" />
    <Project Path="Crest.AuditTrail/Crest.AuditTrail.csproj" />
    <Project Path="Crest.AutoSetup/Crest.AutoSetup.csproj" />
    <Project Path="Crest.Autoroute/Crest.Autoroute.csproj" />
    <Project Path="Crest.AzureAI/Crest.AzureAI.csproj" />
    <Project Path="Crest.BackgroundTasks/Crest.BackgroundTasks.csproj" />
    <Project Path="Crest.ContentFields/Crest.ContentFields.csproj" />
    <Project Path="Crest.ContentLocalization/Crest.ContentLocalization.csproj" />
    <Project Path="Crest.ContentPreview/Crest.ContentPreview.csproj" />
    <Project Path="Crest.ContentTypes/Crest.ContentTypes.csproj" />
    <Project Path="Crest.Contents/Crest.Contents.csproj" />
    <Project Path="Crest.Cors/Crest.Cors.csproj" />
    <Project Path="Crest.CustomSettings/Crest.CustomSettings.csproj" />
    <Project Path="Crest.DataLocalization/Crest.DataLocalization.csproj" />
    <Project Path="Crest.DataProtection.Azure/Crest.DataProtection.Azure.csproj" />
    <Project Path="Crest.Demo/Crest.Demo.csproj" />
    <Project Path="Crest.Deployment.Remote/Crest.Deployment.Remote.csproj" />
    <Project Path="Crest.Deployment/Crest.Deployment.csproj" />
    <Project Path="Crest.Diagnostics/Crest.Diagnostics.csproj" />
    <Project Path="Crest.DynamicCache/Crest.DynamicCache.csproj" />
    <Project Path="Crest.Elasticsearch/Crest.Elasticsearch.csproj" />
    <Project Path="Crest.Email.Azure/Crest.Email.Azure.csproj" />
    <Project Path="Crest.Email.Smtp/Crest.Email.Smtp.csproj" />
    <Project Path="Crest.Email/Crest.Email.csproj" />
    <Project Path="Crest.Facebook/Crest.Facebook.csproj" />
    <Project Path="Crest.Features/Crest.Features.csproj" />
    <Project Path="Crest.Feeds/Crest.Feeds.csproj" />
    <Project Path="Crest.Flows/Crest.Flows.csproj" />
    <Project Path="Crest.Forms/Crest.Forms.csproj" />
    <Project Path="Crest.GitHub/Crest.GitHub.csproj" />
    <Project Path="Crest.Google/Crest.Google.csproj" />
    <Project Path="Crest.HealthChecks/Crest.HealthChecks.csproj" />
    <Project Path="Crest.HomeRoute/Crest.HomeRoute.csproj" />
    <Project Path="Crest.Html/Crest.Html.csproj" />
    <Project Path="Crest.Https/Crest.Https.csproj" />
    <Project Path="Crest.Indexing/Crest.Indexing.csproj" />
    <Project Path="Crest.Layers/Crest.Layers.csproj" />
    <Project Path="Crest.Liquid/Crest.Liquid.csproj" />
    <Project Path="Crest.Lists/Crest.Lists.csproj" />
    <Project Path="Crest.Localization/Crest.Localization.csproj" />
    <Project Path="Crest.Lucene/Crest.Lucene.csproj" />
    <Project Path="Crest.Markdown/Crest.Markdown.csproj" />
    <Project Path="Crest.Media.AmazonS3/Crest.Media.AmazonS3.csproj" />
    <Project Path="Crest.Media.Azure/Crest.Media.Azure.csproj" />
    <Project Path="Crest.Media.ImageSharpV3/Crest.Media.ImageSharpV3.csproj" />
    <Project Path="Crest.Media.Indexing.OpenXML/Crest.Media.Indexing.OpenXML.csproj" />
    <Project Path="Crest.Media.Indexing.Pdf/Crest.Media.Indexing.Pdf.csproj" />
    <Project Path="Crest.Media/Crest.Media.csproj" />
    <Project Path="Crest.Menu/Crest.Menu.csproj" />
    <Project Path="Crest.Microsoft.Authentication/Crest.Microsoft.Authentication.csproj" />
    <Project Path="Crest.MiniProfiler/Crest.MiniProfiler.csproj" />
    <Project Path="Crest.Mvc.HelloWorld/Crest.Mvc.HelloWorld.csproj" />
    <Project Path="Crest.Navigation/Crest.Navigation.csproj" />
    <Project Path="Crest.Notifications/Crest.Notifications.csproj" />
    <Project Path="Crest.OpenApi/Crest.OpenApi.csproj" />
    <Project Path="Crest.OpenId/Crest.OpenId.csproj" />
    <Project Path="Crest.Placements/Crest.Placements.csproj" />
    <Project Path="Crest.PublishLater/Crest.PublishLater.csproj" />
    <Project Path="Crest.Queries/Crest.Queries.csproj" />
    <Project Path="Crest.RateLimits/Crest.RateLimits.csproj" />
    <Project Path="Crest.ReCaptcha/Crest.ReCaptcha.csproj" />
    <Project Path="Crest.Recipes/Crest.Recipes.csproj" />
    <Project Path="Crest.Redis/Crest.Redis.csproj" />
    <Project Path="Crest.Resources/Crest.Resources.csproj" />
    <Project Path="Crest.ResponseCompression/Crest.ResponseCompression.csproj" />
    <Project Path="Crest.ReverseProxy/Crest.ReverseProxy.csproj" />
    <Project Path="Crest.Roles/Crest.Roles.csproj" />
    <Project Path="Crest.Rules/Crest.Rules.csproj" />
    <Project Path="Crest.Scripting/Crest.Scripting.csproj" />
    <Project Path="Crest.Search/Crest.Search.csproj" />
    <Project Path="Crest.Security/Crest.Security.csproj" />
    <Project Path="Crest.Seo/Crest.Seo.csproj" />
    <Project Path="Crest.Settings/Crest.Settings.csproj" />
    <Project Path="Crest.Setup/Crest.Setup.csproj" />
    <Project Path="Crest.Shortcodes/Crest.Shortcodes.csproj" />
    <Project Path="Crest.SignalR.Azure/Crest.SignalR.Azure.csproj" />
    <Project Path="Crest.SignalR.Redis/Crest.SignalR.Redis.csproj" />
    <Project Path="Crest.SignalR/Crest.SignalR.csproj" />
    <Project Path="Crest.Sitemaps/Crest.Sitemaps.csproj" />
    <Project Path="Crest.Sms.Azure/Crest.Sms.Azure.csproj" />
    <Project Path="Crest.Sms/Crest.Sms.csproj" />
    <Project Path="Crest.Spatial/Crest.Spatial.csproj" />
    <Project Path="Crest.Taxonomies/Crest.Taxonomies.csproj" />
    <Project Path="Crest.Templates/Crest.Templates.csproj" />
    <Project Path="Crest.Tenants/Crest.Tenants.csproj" />
    <Project Path="Crest.Themes/Crest.Themes.csproj" />
    <Project Path="Crest.Title/Crest.Title.csproj" />
    <Project Path="Crest.Twitter/Crest.Twitter.csproj" />
    <Project Path="Crest.UrlRewriting/Crest.UrlRewriting.csproj" />
    <Project Path="Crest.Users/Crest.Users.csproj" />
    <Project Path="Crest.Widgets/Crest.Widgets.csproj" />
    <Project Path="Crest.XmlRpc/Crest.XmlRpc.csproj" />
  </Folder>
  <Folder Name="/platform/themes/">
    <Project Path="SafeMode/SafeMode.csproj" />
    <Project Path="TheAdmin/TheAdmin.csproj" />
  </Folder>
  <Folder Name="/platform/hosts/">
    <Project Path="Crest.AspireHost/Crest.AspireHost.csproj" />
    <Project Path="Crest.Cms.Web/Crest.Cms.Web.csproj" />
    <Project Path="Crest.Mvc.Web/Crest.Mvc.Web.csproj" />
  </Folder>
  <Folder Name="/test/">
    <Project Path="test/Crest.Abstractions.Tests/Crest.Abstractions.Tests.csproj" />
    <Project Path="test/Crest.Benchmarks/Crest.Benchmarks.csproj" />
    <Project Path="test/Crest.Tests.Features/Examples.Features.AssyAttrib/Examples.Features.AssyAttrib.csproj" />
    <Project Path="test/Crest.Tests.Functional/Crest.Tests.Functional.csproj" />
    <Project Path="test/Crest.Tests.Integration/Crest.Tests.Integration.csproj" />
    <Project Path="test/Crest.Tests.Modules/BaseThemeSample/BaseThemeSample.csproj" />
    <Project Path="test/Crest.Tests.Modules/BaseThemeSample2/BaseThemeSample2.csproj" />
    <Project Path="test/Crest.Tests.Modules/DerivedThemeSample/DerivedThemeSample.csproj" />
    <Project Path="test/Crest.Tests.Modules/DerivedThemeSample2/DerivedThemeSample2.csproj" />
    <Project Path="test/Crest.Tests.Modules/Errors.PlatformModules.TwoPlus/Errors.PlatformModules.TwoPlus.csproj">
      <Build Project="false" />
    </Project>
    <Project Path="test/Crest.Tests.Modules/Examples.Modules.AssyAttrib.Alpha/Examples.Modules.AssyAttrib.Alpha.csproj" />
    <Project Path="test/Crest.Tests.Modules/Examples.Modules.AssyAttrib.Bravo/Examples.Modules.AssyAttrib.Bravo.csproj" />
    <Project Path="test/Crest.Tests.Modules/Examples.Modules.AssyAttrib.Charlie/Examples.Modules.AssyAttrib.Charlie.csproj" />
    <Project Path="test/Crest.Tests.Modules/Examples.PlatformModules.Alpha/Examples.PlatformModules.Alpha.csproj" />
    <Project Path="test/Crest.Tests.Modules/ModuleSample/ModuleSample.csproj" />
    <Project Path="test/Crest.Tests.Pages/Crest.Application.Pages/Crest.Application.Pages.csproj" />
    <Project Path="test/Crest.Tests.Pages/Crest.Modules.Pages/Module.Pages/Module.Pages.csproj" />
    <Project Path="test/Crest.Tests.Pages/Crest.Themes.Pages/Theme.Pages/Theme.Pages.csproj" />
    <Project Path="test/Crest.Tests.Themes/Errors.PlatformThemes.ThemeAndModule/Errors.PlatformThemes.ThemeAndModule.csproj">
      <Build Project="false" />
    </Project>
    <Project Path="test/Crest.Tests.Themes/Errors.PlatformThemes.TwoPlus/Errors.PlatformThemes.TwoPlus.csproj">
      <Build Project="false" />
    </Project>
    <Project Path="test/Crest.Tests.Themes/Examples.PlatformThemes.Alpha/Examples.PlatformThemes.Alpha.csproj" />
    <Project Path="test/Crest.Tests.Themes/Examples.Themes.AssyAttrib.Alpha/Examples.Themes.AssyAttrib.Alpha.csproj" />
    <Project Path="test/Crest.Tests.Themes/Examples.Themes.AssyAttrib.Bravo/Examples.Themes.AssyAttrib.Bravo.csproj" />
    <Project Path="test/Crest.Tests.Themes/Examples.Themes.AssyAttrib.Charlie/Examples.Themes.AssyAttrib.Charlie.csproj" />
    <Project Path="test/Crest.Tests/Crest.Tests.csproj" />
  </Folder>
  <Folder Name="/docs/">
    <Project Path="docs/platform/Crest.Docs.csproj" />
  </Folder>
</Solution>
