<Solution>
  <Folder Name="/Crest.ContentPartLists/" />
  <Folder Name="/Crest.ContentPartLists/blazor-wasm/">
    <Project Path="Crest.ContentPartLists/blazor-wasm/Crest.ContentPartLists.BlazorWasm.csproj" />
  </Folder>
  <Folder Name="/Crest.ContentPartLists/tests/">
    <Project Path="Crest.ContentPartLists/tests/Crest.ContentPartLists.Tests/Crest.ContentPartLists.Tests.csproj" />
  </Folder>
  <Folder Name="/Crest.Members/" />
  <Folder Name="/Crest.Members/blazor-wasm/">
  </Folder>
  <Folder Name="/Crest.Members/Domain/">
    <Project Path="Crest.Members/Domain/Crest.Members.Domain.csproj" />
  </Folder>
  <Folder Name="/Crest.Members/Server/">
    <Project Path="Crest.Members/Server/Crest.Members.csproj" />
  </Folder>
  <Folder Name="/Crest.Members/tests/">
    <Project Path="Crest.Members/tests/Crest.Members.Tests/Crest.Members.Tests.csproj" />
  </Folder>
  <Folder Name="/Crest.Money/" />
  <Folder Name="/Crest.Money/Domain/">
    <Project Path="Crest.Money/Domain/Crest.Money.Domain.csproj" />
  </Folder>
  <Folder Name="/Crest.Parties/" />
  <Folder Name="/Crest.Parties/blazor-wasm/">
    <Project Path="Crest.Parties/blazor-wasm/Crest.Parties.BlazorWasm.csproj" />
  </Folder>
  <Folder Name="/Crest.Parties/Domain/">
    <Project Path="Crest.Parties/Domain/Crest.Parties.Domain.csproj" />
  </Folder>
  <Folder Name="/Crest.Parties/Server/">
    <Project Path="Crest.Parties/Server/Crest.Parties.csproj" />
  </Folder>
  <Folder Name="/Crest.Parties/tests/">
    <Project Path="Crest.Parties/tests/Crest.Parties.Tests/Crest.Parties.Tests.csproj" />
  </Folder>
  <Folder Name="/Crest.Regions/" />
  <Folder Name="/Crest.Regions/Domain/">
    <Project Path="Crest.Regions/Domain/Crest.Regions.Domain.csproj" />
  </Folder>
  <Folder Name="/Crest.Regions/tests/">
    <Project Path="Crest.Regions/tests/Crest.Regions.Tests/Crest.Regions.Tests.csproj" />
  </Folder>
  <Folder Name="/Crest.Workflows/" />
  <Folder Name="/Crest.Workflows/blazor-wasm/">
    <Project Path="Crest.Workflows/blazor-wasm/Crest.Workflows.BlazorWasm.csproj" />
  </Folder>
  <Folder Name="/Crest.Workflows/designer/" />
  <Folder Name="/Crest.Workflows/designer/src/" />
  <Folder Name="/Crest.Workflows/designer/src/framework/">
    <Project Path="Crest.Workflows/designer/src/framework/Crest.Workflows.Studio.Core.BlazorWasm/Crest.Workflows.Studio.Core.BlazorWasm.csproj" />
    <Project Path="Crest.Workflows/designer/src/framework/Crest.Workflows.Studio.Core/Crest.Workflows.Studio.Core.csproj" />
    <Project Path="Crest.Workflows/designer/src/framework/Crest.Workflows.Studio.DomInterop/Crest.Workflows.Studio.DomInterop.csproj" />
    <Project Path="Crest.Workflows/designer/src/framework/Crest.Workflows.Studio.Shared/Crest.Workflows.Studio.Shared.csproj" />
    <Project Path="Crest.Workflows/designer/src/framework/Crest.Workflows.Studio.Shell/Crest.Workflows.Studio.Shell.csproj" />
  </Folder>
  <Folder Name="/Crest.Workflows/designer/src/modules/">
    <Project Path="Crest.Workflows/designer/src/modules/Crest.Workflows.Studio.ActivityPortProviders/Crest.Workflows.Studio.ActivityPortProviders.csproj" />
    <Project Path="Crest.Workflows/designer/src/modules/Crest.Workflows.Studio.UIHints/Crest.Workflows.Studio.UIHints.csproj" />
    <Project Path="Crest.Workflows/designer/src/modules/Crest.Workflows.Studio.Workflows.Core/Crest.Workflows.Studio.Workflows.Core.csproj" />
    <Project Path="Crest.Workflows/designer/src/modules/Crest.Workflows.Studio.Workflows.Designer/Crest.Workflows.Studio.Workflows.Designer.csproj" />
    <Project Path="Crest.Workflows/designer/src/modules/Crest.Workflows.Studio.Workflows/Crest.Workflows.Studio.Workflows.csproj" />
  </Folder>
  <Folder Name="/Crest.Workflows/Domain/">
    <Project Path="Crest.Workflows/Domain/Crest.Workflows.Domain.csproj" />
  </Folder>
  <Folder Name="/Crest.Workflows/engine/" />
  <Folder Name="/Crest.Workflows/engine/src/" />
  <Folder Name="/Crest.Workflows/engine/src/clients/">
    <Project Path="Crest.Workflows/engine/src/clients/Crest.Workflows.Api.Client/Crest.Workflows.Api.Client.csproj" />
  </Folder>
  <Folder Name="/Crest.Workflows/engine/src/common/">
    <Project Path="Crest.Workflows/engine/src/common/Crest.Workflows.Api.Common/Crest.Workflows.Api.Common.csproj" />
    <Project Path="Crest.Workflows/engine/src/common/Crest.Workflows.Features/Crest.Workflows.Features.csproj" />
    <Project Path="Crest.Workflows/engine/src/common/Crest.Workflows.Mediator/Crest.Workflows.Mediator.csproj" />
  </Folder>
  <Folder Name="/Crest.Workflows/engine/src/modules/">
    <Project Path="Crest.Workflows/engine/src/modules/Crest.Workflows.Api/Crest.Workflows.Api.csproj" />
    <Project Path="Crest.Workflows/engine/src/modules/Crest.Workflows.Caching/Crest.Workflows.Caching.csproj" />
    <Project Path="Crest.Workflows/engine/src/modules/Crest.Workflows.Common/Crest.Workflows.Common.csproj" />
    <Project Path="Crest.Workflows/engine/src/modules/Crest.Workflows.Core/Crest.Workflows.Core.csproj" />
    <Project Path="Crest.Workflows/engine/src/modules/Crest.Workflows.Engine/Crest.Workflows.Engine.csproj" />
    <Project Path="Crest.Workflows/engine/src/modules/Crest.Workflows.Expressions.JavaScript/Crest.Workflows.Expressions.JavaScript.csproj" />
    <Project Path="Crest.Workflows/engine/src/modules/Crest.Workflows.Expressions.Liquid/Crest.Workflows.Expressions.Liquid.csproj" />
    <Project Path="Crest.Workflows/engine/src/modules/Crest.Workflows.Expressions/Crest.Workflows.Expressions.csproj" />
    <Project Path="Crest.Workflows/engine/src/modules/Crest.Workflows.Http/Crest.Workflows.Http.csproj" />
    <Project Path="Crest.Workflows/engine/src/modules/Crest.Workflows.KeyValues/Crest.Workflows.KeyValues.csproj" />
    <Project Path="Crest.Workflows/engine/src/modules/Crest.Workflows.Management/Crest.Workflows.Management.csproj" />
    <Project Path="Crest.Workflows/engine/src/modules/Crest.Workflows.Resilience.Core/Crest.Workflows.Resilience.Core.csproj" />
    <Project Path="Crest.Workflows/engine/src/modules/Crest.Workflows.Resilience/Crest.Workflows.Resilience.csproj" />
    <Project Path="Crest.Workflows/engine/src/modules/Crest.Workflows.Runtime.Distributed/Crest.Workflows.Runtime.Distributed.csproj" />
    <Project Path="Crest.Workflows/engine/src/modules/Crest.Workflows.Runtime/Crest.Workflows.Runtime.csproj" />
    <Project Path="Crest.Workflows/engine/src/modules/Crest.Workflows.SasTokens/Crest.Workflows.SasTokens.csproj" />
    <Project Path="Crest.Workflows/engine/src/modules/Crest.Workflows.Scheduling/Crest.Workflows.Scheduling.csproj" />
    <Project Path="Crest.Workflows/engine/src/modules/Crest.Workflows.Tenants/Crest.Workflows.Tenants.csproj" />
  </Folder>
  <Folder Name="/Crest.Workflows/Server/">
    <Project Path="Crest.Workflows/Server/Crest.Workflows.csproj" />
  </Folder>
  <Folder Name="/Crest.Workflows/studio-host/">
    <Project Path="Crest.Workflows/studio-host/Crest.Workflows.Studio.Host.csproj" />
  </Folder>
  <Folder Name="/Crest.Workflows/tests/">
    <Project Path="Crest.Workflows/tests/Crest.Workflows.Tests/Crest.Workflows.Tests.csproj" />
  </Folder>
  <Folder Name="/Crest.AdminTheme/" />
  <Folder Name="/Crest.AdminTheme/tests/">
    <Project Path="Crest.AdminTheme/tests/Crest.AdminTheme.Tests/Crest.AdminTheme.Tests.csproj" />
  </Folder>
  <Folder Name="/Crest.AdminTheme/wasm/">
    <Project Path="Crest.AdminTheme/wasm/Crest.AdminTheme.Client.csproj" />
  </Folder>
  <Folder Name="/Crest.Components/" />
  <Folder Name="/Crest.Components/tests/">
    <Project Path="Crest.Components/tests/Crest.Components.Tests/Crest.Components.Tests.csproj" />
  </Folder>
  <Folder Name="/Crest.Iconify/" />
  <Folder Name="/Crest.Iconify/tests/">
    <Project Path="Crest.Iconify/tests/Crest.Iconify.Tests/Crest.Iconify.Tests.csproj" />
  </Folder>
  <Folder Name="/Crest.Icons/" />
  <Folder Name="/Crest.Icons/tests/">
    <Project Path="Crest.Icons/tests/Crest.Icons.Tests/Crest.Icons.Tests.csproj" />
  </Folder>
  <Folder Name="/Crest.Server/">
    <Project Path="Crest.Server/Crest.csproj" />
  </Folder>
  <Folder Name="/Crest.Server/tests/">
    <Project Path="Crest.Server/tests/Crest.Server.Tests/Crest.Server.Tests.csproj" />
  </Folder>
  <Folder Name="/Crest.SiteTheme/" />
  <Folder Name="/Crest.SiteTheme/tests/">
    <Project Path="Crest.SiteTheme/tests/Crest.SiteTheme.Tests/Crest.SiteTheme.Tests.csproj" />
  </Folder>
  <Folder Name="/Crest.SiteTheme/wasm/">
    <Project Path="Crest.SiteTheme/wasm/Crest.SiteTheme.Client.csproj" />
  </Folder>
  <Folder Name="/tools/">
    <Project Path="tools/Crest.LazyModules/Crest.LazyModules.csproj" />
  </Folder>
  <Project Path="../Fruitful/Fruitful.Accounting/blazor-wasm/Fruitful.Accounting.BlazorWasm.csproj" />
  <Project Path="../Fruitful/Fruitful.Accounting/Domain/Fruitful.Accounting.Domain.csproj" />
  <Project Path="../Fruitful/Fruitful.Assets/blazor-wasm/Fruitful.Assets.BlazorWasm.csproj" />
  <Project Path="../Fruitful/Fruitful.Assets/Domain/Fruitful.Assets.Domain.csproj" />
  <Project Path="../Fruitful/Fruitful.Memberships/blazor-wasm/Fruitful.Memberships.BlazorWasm.csproj" />
  <Project Path="../Fruitful/Fruitful.Memberships/Domain/Fruitful.Memberships.Domain.csproj" />
  <Project Path="../Fruitful/Fruitful.Taxes/blazor-wasm/Fruitful.Taxes.BlazorWasm.csproj" />
  <Project Path="../Fruitful/Fruitful.Taxes/Domain/Fruitful.Taxes.Domain.csproj" />
  <Project Path="Crest.ContentPartLists/Crest.ContentPartLists.csproj" />
  <Project Path="Crest.Global/Crest.Global.csproj" />
  <Project Path="Crest.Regions/Crest.Regions.csproj" />
  <Project Path="Crest.Components/Crest.Components.csproj" />
  <Project Path="Crest.Iconify/Crest.Iconify.csproj" />
  <Project Path="Crest.Icons/Crest.Icons.csproj" />
  <Project Path="Crest.SiteTheme/Crest.SiteTheme.csproj" />
</Solution>
